
Microsoft Visual Studio Solution File, Format Version 12.00
# Visual Studio 15
VisualStudioVersion = 15.0.28307.539
MinimumVisualStudioVersion = 10.0.40219.1
Project("{9A19103F-16F7-4668-BE54-9A1E7A4F7556}") = "WebStore", "WebStore\WebStore.csproj", "{42051A60-6002-4D96-8D92-4150D7116BA9}"
EndProject
Project("{9A19103F-16F7-4668-BE54-9A1E7A4F7556}") = "WebStore.Domain", "WebStore.Domain\WebStore.Domain.csproj", "{6BB177ED-BBDC-4660-93C8-568102465159}"
EndProject
Project("{9A19103F-16F7-4668-BE54-9A1E7A4F7556}") = "WebStore.DAL", "WebStore.DAL\WebStore.DAL.csproj", "{581866D4-C9C7-41B9-BDA1-46DE1AE1B25A}"
EndProject
Project("{2150E333-8FDC-42A3-9474-1A3956D46DE8}") = "Common", "Common", "{11813D84-9DB7-4C7B-A4B4-FDE3D240A25F}"
EndProject
Project("{2150E333-8FDC-42A3-9474-1A3956D46DE8}") = "Services", "Services", "{BA352C5C-5263-4741-9F98-3FF08218733F}"
EndProject
Project("{2150E333-8FDC-42A3-9474-1A3956D46DE8}") = "UI", "UI", "{782DAA6D-6D9D-48C1-A8B1-C374ABC2063D}"
EndProject
Project("{FAE04EC0-301F-11D3-BF4B-00C04F79EFBC}") = "WebStore.ServiceHosting", "WebStore.ServiceHosting\WebStore.ServiceHosting.csproj", "{08FE10D1-B0B2-45E8-9D54-42B32DC4052F}"
EndProject
Project("{FAE04EC0-301F-11D3-BF4B-00C04F79EFBC}") = "WebStore.Services", "WebStore.Services\WebStore.Services.csproj", "{486FE0D9-65E7-4869-B8D0-79128C81A67B}"
EndProject
Project("{FAE04EC0-301F-11D3-BF4B-00C04F79EFBC}") = "WebStore.Interfaces", "WebStore.Interfaces\WebStore.Interfaces.csproj", "{C1BBD5E2-7847-4BB7-B5C2-CB0737822E31}"
EndProject
Project("{FAE04EC0-301F-11D3-BF4B-00C04F79EFBC}") = "WebStore.Clients", "WebStore.Clients\WebStore.Clients.csproj", "{7E6CC4B6-2A18-46A1-914C-486D0418EAD9}"
EndProject
Global
	GlobalSection(SolutionConfigurationPlatforms) = preSolution
		Debug|Any CPU = Debug|Any CPU
		Release|Any CPU = Release|Any CPU
	EndGlobalSection
	GlobalSection(ProjectConfigurationPlatforms) = postSolution
		{42051A60-6002-4D96-8D92-4150D7116BA9}.Debug|Any CPU.ActiveCfg = Debug|Any CPU
		{42051A60-6002-4D96-8D92-4150D7116BA9}.Debug|Any CPU.Build.0 = Debug|Any CPU
		{42051A60-6002-4D96-8D92-4150D7116BA9}.Release|Any CPU.ActiveCfg = Release|Any CPU
		{42051A60-6002-4D96-8D92-4150D7116BA9}.Release|Any CPU.Build.0 = Release|Any CPU
		{6BB177ED-BBDC-4660-93C8-568102465159}.Debug|Any CPU.ActiveCfg = Debug|Any CPU
		{6BB177ED-BBDC-4660-93C8-568102465159}.Debug|Any CPU.Build.0 = Debug|Any CPU
		{6BB177ED-BBDC-4660-93C8-568102465159}.Release|Any CPU.ActiveCfg = Release|Any CPU
		{6BB177ED-BBDC-4660-93C8-568102465159}.Release|Any CPU.Build.0 = Release|Any CPU
		{581866D4-C9C7-41B9-BDA1-46DE1AE1B25A}.Debug|Any CPU.ActiveCfg = Debug|Any CPU
		{581866D4-C9C7-41B9-BDA1-46DE1AE1B25A}.Debug|Any CPU.Build.0 = Debug|Any CPU
		{581866D4-C9C7-41B9-BDA1-46DE1AE1B25A}.Release|Any CPU.ActiveCfg = Release|Any CPU
		{581866D4-C9C7-41B9-BDA1-46DE1AE1B25A}.Release|Any CPU.Build.0 = Release|Any CPU
		{08FE10D1-B0B2-45E8-9D54-42B32DC4052F}.Debug|Any CPU.ActiveCfg = Debug|Any CPU
		{08FE10D1-B0B2-45E8-9D54-42B32DC4052F}.Debug|Any CPU.Build.0 = Debug|Any CPU
		{08FE10D1-B0B2-45E8-9D54-42B32DC4052F}.Release|Any CPU.ActiveCfg = Release|Any CPU
		{08FE10D1-B0B2-45E8-9D54-42B32DC4052F}.Release|Any CPU.Build.0 = Release|Any CPU
		{486FE0D9-65E7-4869-B8D0-79128C81A67B}.Debug|Any CPU.ActiveCfg = Debug|Any CPU
		{486FE0D9-65E7-4869-B8D0-79128C81A67B}.Debug|Any CPU.Build.0 = Debug|Any CPU
		{486FE0D9-65E7-4869-B8D0-79128C81A67B}.Release|Any CPU.ActiveCfg = Release|Any CPU
		{486FE0D9-65E7-4869-B8D0-79128C81A67B}.Release|Any CPU.Build.0 = Release|Any CPU
		{C1BBD5E2-7847-4BB7-B5C2-CB0737822E31}.Debug|Any CPU.ActiveCfg = Debug|Any CPU
		{C1BBD5E2-7847-4BB7-B5C2-CB0737822E31}.Debug|Any CPU.Build.0 = Debug|Any CPU
		{C1BBD5E2-7847-4BB7-B5C2-CB0737822E31}.Release|Any CPU.ActiveCfg = Release|Any CPU
		{C1BBD5E2-7847-4BB7-B5C2-CB0737822E31}.Release|Any CPU.Build.0 = Release|Any CPU
		{7E6CC4B6-2A18-46A1-914C-486D0418EAD9}.Debug|Any CPU.ActiveCfg = Debug|Any CPU
		{7E6CC4B6-2A18-46A1-914C-486D0418EAD9}.Debug|Any CPU.Build.0 = Debug|Any CPU
		{7E6CC4B6-2A18-46A1-914C-486D0418EAD9}.Release|Any CPU.ActiveCfg = Release|Any CPU
		{7E6CC4B6-2A18-46A1-914C-486D0418EAD9}.Release|Any CPU.Build.0 = Release|Any CPU
	EndGlobalSection
	GlobalSection(SolutionProperties) = preSolution
		HideSolutionNode = FALSE
	EndGlobalSection
	GlobalSection(NestedProjects) = preSolution
		{42051A60-6002-4D96-8D92-4150D7116BA9} = {782DAA6D-6D9D-48C1-A8B1-C374ABC2063D}
		{6BB177ED-BBDC-4660-93C8-568102465159} = {11813D84-9DB7-4C7B-A4B4-FDE3D240A25F}
		{581866D4-C9C7-41B9-BDA1-46DE1AE1B25A} = {BA352C5C-5263-4741-9F98-3FF08218733F}
		{08FE10D1-B0B2-45E8-9D54-42B32DC4052F} = {BA352C5C-5263-4741-9F98-3FF08218733F}
		{486FE0D9-65E7-4869-B8D0-79128C81A67B} = {BA352C5C-5263-4741-9F98-3FF08218733F}
		{C1BBD5E2-7847-4BB7-B5C2-CB0737822E31} = {BA352C5C-5263-4741-9F98-3FF08218733F}
		{7E6CC4B6-2A18-46A1-914C-486D0418EAD9} = {BA352C5C-5263-4741-9F98-3FF08218733F}
	EndGlobalSection
	GlobalSection(ExtensibilityGlobals) = postSolution
		SolutionGuid = {869F4F40-42FB-46C3-89F5-F5ECB4F3BEEA}
	EndGlobalSection
EndGlobal
